
Microsoft Visual Studio Solution File, Format Version 12.00
Project("{FAE04EC0-301F-11D3-BF4B-00C04F79EFBC}") = "ChatApp.Server", "ChatApp.Server\ChatApp.Server.csproj", "{5E4A061B-DF31-436F-9473-9B8732315CA0}"
EndProject
Project("{FAE04EC0-301F-11D3-BF4B-00C04F79EFBC}") = "ChatApp.Client", "ChatApp.Client\ChatApp.Client.csproj", "{C3FC42E4-8E79-4760-9B77-8935DE681E6D}"
EndProject
Global
	GlobalSection(SolutionConfigurationPlatforms) = preSolution
		Debug|Any CPU = Debug|Any CPU
		Release|Any CPU = Release|Any CPU
	EndGlobalSection
	GlobalSection(ProjectConfigurationPlatforms) = postSolution
		{5E4A061B-DF31-436F-9473-9B8732315CA0}.Debug|Any CPU.ActiveCfg = Debug|Any CPU
		{5E4A061B-DF31-436F-9473-9B8732315CA0}.Debug|Any CPU.Build.0 = Debug|Any CPU
		{5E4A061B-DF31-436F-9473-9B8732315CA0}.Release|Any CPU.ActiveCfg = Release|Any CPU
		{5E4A061B-DF31-436F-9473-9B8732315CA0}.Release|Any CPU.Build.0 = Release|Any CPU
		{C3FC42E4-8E79-4760-9B77-8935DE681E6D}.Debug|Any CPU.ActiveCfg = Debug|Any CPU
		{C3FC42E4-8E79-4760-9B77-8935DE681E6D}.Debug|Any CPU.Build.0 = Debug|Any CPU
		{C3FC42E4-8E79-4760-9B77-8935DE681E6D}.Release|Any CPU.ActiveCfg = Release|Any CPU
		{C3FC42E4-8E79-4760-9B77-8935DE681E6D}.Release|Any CPU.Build.0 = Release|Any CPU
	EndGlobalSection
EndGlobal
